
Microsoft Visual Studio Solution File, Format Version 12.00
Project("{FAE04EC0-301F-11D3-BF4B-00C04F79EFBC}") = "Onliner", "Onliner\Onliner.csproj", "{8B649CC4-A159-44CC-B790-4AE2849F5CB2}"
EndProject
Global
	GlobalSection(SolutionConfigurationPlatforms) = preSolution
		Debug|Any CPU = Debug|Any CPU
		Release|Any CPU = Release|Any CPU
	EndGlobalSection
	GlobalSection(ProjectConfigurationPlatforms) = postSolution
		{8B649CC4-A159-44CC-B790-4AE2849F5CB2}.Debug|Any CPU.ActiveCfg = Debug|Any CPU
		{8B649CC4-A159-44CC-B790-4AE2849F5CB2}.Debug|Any CPU.Build.0 = Debug|Any CPU
		{8B649CC4-A159-44CC-B790-4AE2849F5CB2}.Release|Any CPU.ActiveCfg = Release|Any CPU
		{8B649CC4-A159-44CC-B790-4AE2849F5CB2}.Release|Any CPU.Build.0 = Release|Any CPU
	EndGlobalSection
EndGlobal
